// !$*UTF8*$!
{
	archiveVersion = 1;
	classes = {
	};
	objectVersion = 50;
	objects = {

/* Begin PBXBuildFile section */
		9192CF8B22AE321100144CE2 /* AboutViewController.swift in Sources */ = {isa = PBXBuildFile; fileRef = 9192CF8A22AE321100144CE2 /* AboutViewController.swift */; };
		9192CF8D22AE348F00144CE2 /* AboutAuthorViewController.swift in Sources */ = {isa = PBXBuildFile; fileRef = 9192CF8C22AE348F00144CE2 /* AboutAuthorViewController.swift */; };
		91DE6B7822ACD10D00784FE0 /* AppDelegate.swift in Sources */ = {isa = PBXBuildFile; fileRef = 91DE6B7722ACD10D00784FE0 /* AppDelegate.swift */; };
		91DE6B7A22ACD10D00784FE0 /* ViewController.swift in Sources */ = {isa = PBXBuildFile; fileRef = 91DE6B7922ACD10D00784FE0 /* ViewController.swift */; };
		91DE6B7D22ACD10D00784FE0 /* Main.storyboard in Resources */ = {isa = PBXBuildFile; fileRef = 91DE6B7B22ACD10D00784FE0 /* Main.storyboard */; };
		91DE6B7F22ACD10F00784FE0 /* Assets.xcassets in Resources */ = {isa = PBXBuildFile; fileRef = 91DE6B7E22ACD10F00784FE0 /* Assets.xcassets */; };
		91DE6B8222ACD10F00784FE0 /* LaunchScreen.storyboard in Resources */ = {isa = PBXBuildFile; fileRef = 91DE6B8022ACD10F00784FE0 /* LaunchScreen.storyboard */; };
/* End PBXBuildFile section */

/* Begin PBXFileReference section */
		9192CF8A22AE321100144CE2 /* AboutViewController.swift */ = {isa = PBXFileReference; lastKnownFileType = sourcecode.swift; path = AboutViewController.swift; sourceTree = "<group>"; };
		9192CF8C22AE348F00144CE2 /* AboutAuthorViewController.swift */ = {isa = PBXFileReference; lastKnownFileType = sourcecode.swift; path = AboutAuthorViewController.swift; sourceTree = "<group>"; };
		91DE6B7422ACD10D00784FE0 /* BallsEye.app */ = {isa = PBXFileReference; explicitFileType = wrapper.application; includeInIndex = 0; path = BallsEye.app; sourceTree = BUILT_PRODUCTS_DIR; };
		91DE6B7722ACD10D00784FE0 /* AppDelegate.swift */ = {isa = PBXFileReference; lastKnownFileType = sourcecode.swift; path = AppDelegate.swift; sourceTree = "<group>"; };
		91DE6B7922ACD10D00784FE0 /* ViewController.swift */ = {isa = PBXFileReference; lastKnownFileType = sourcecode.swift; path = ViewController.swift; sourceTree = "<group>"; };
		91DE6B7C22ACD10D00784FE0 /* Base */ = {isa = PBXFileReference; lastKnownFileType = file.storyboard; name = Base; path = Base.lproj/Main.storyboard; sourceTree = "<group>"; };
		91DE6B7E22ACD10F00784FE0 /* Assets.xcassets */ = {isa = PBXFileReference; lastKnownFileType = folder.assetcatalog; path = Assets.xcassets; sourceTree = "<group>"; };
		91DE6B8122ACD10F00784FE0 /* Base */ = {isa = PBXFileReference; lastKnownFileType = file.storyboard; name = Base; path = Base.lproj/LaunchScreen.storyboard; sourceTree = "<group>"; };
		91DE6B8322ACD10F00784FE0 /* Info.plist */ = {isa = PBXFileReference; lastKnownFileType = text.plist.xml; path = Info.plist; sourceTree = "<group>"; };
/* End PBXFileReference section */

/* Begin PBXFrameworksBuildPhase section */
		91DE6B7122ACD10D00784FE0 /* Frameworks */ = {
			isa = PBXFrameworksBuildPhase;
			buildActionMask = 2147483647;
			files = (
			);
			runOnlyForDeploymentPostprocessing = 0;
		};
/* End PBXFrameworksBuildPhase section */

/* Begin PBXGroup section */
		91DE6B6B22ACD10D00784FE0 = {
			isa = PBXGroup;
			children = (
				91DE6B7622ACD10D00784FE0 /* BallsEye */,
				91DE6B7522ACD10D00784FE0 /* Products */,
			);
			sourceTree = "<group>";
		};
		91DE6B7522ACD10D00784FE0 /* Products */ = {
			isa = PBXGroup;
			children = (
				91DE6B7422ACD10D00784FE0 /* BallsEye.app */,
			);
			name = Products;
			sourceTree = "<group>";
		};
		91DE6B7622ACD10D00784FE0 /* BallsEye */ = {
			isa = PBXGroup;
			children = (
				91DE6B7722ACD10D00784FE0 /* AppDelegate.swift */,
				91DE6B7922ACD10D00784FE0 /* ViewController.swift */,
				91DE6B7B22ACD10D00784FE0 /* Main.storyboard */,
				9192CF8C22AE348F00144CE2 /* AboutAuthorViewController.swift */,
				9192CF8A22AE321100144CE2 /* AboutViewController.swift */,
				91DE6B7E22ACD10F00784FE0 /* Assets.xcassets */,
				91DE6B8022ACD10F00784FE0 /* LaunchScreen.storyboard */,
				91DE6B8322ACD10F00784FE0 /* Info.plist */,
			);
			path = BallsEye;
			sourceTree = "<group>";
		};
/* End PBXGroup section */

/* Begin PBXNativeTarget section */
		91DE6B7322ACD10D00784FE0 /* BallsEye */ = {
			isa = PBXNativeTarget;
			buildConfigurationList = 91DE6B8622ACD10F00784FE0 /* Build configuration list for PBXNativeTarget "BallsEye" */;
			buildPhases = (
				91DE6B7022ACD10D00784FE0 /* Sources */,
				91DE6B7122ACD10D00784FE0 /* Frameworks */,
				91DE6B7222ACD10D00784FE0 /* Resources */,
			);
			buildRules = (
			);
			dependencies = (
			);
			name = BallsEye;
			productName = BallsEye;
			productReference = 91DE6B7422ACD10D00784FE0 /* BallsEye.app */;
			productType = "com.apple.product-type.application";
		};
/* End PBXNativeTarget section */

/* Begin PBXProject section */
		91DE6B6C22ACD10D00784FE0 /* Project object */ = {
			isa = PBXProject;
			attributes = {
				LastSwiftUpdateCheck = 1020;
				LastUpgradeCheck = 1020;
				ORGANIZATIONNAME = Dnet;
				TargetAttributes = {
					91DE6B7322ACD10D00784FE0 = {
						CreatedOnToolsVersion = 10.2.1;
					};
				};
			};
			buildConfigurationList = 91DE6B6F22ACD10D00784FE0 /* Build configuration list for PBXProject "BallsEye" */;
			compatibilityVersion = "Xcode 9.3";
			developmentRegion = en;
			hasScannedForEncodings = 0;
			knownRegions = (
				en,
				Base,
			);
			mainGroup = 91DE6B6B22ACD10D00784FE0;
			productRefGroup = 91DE6B7522ACD10D00784FE0 /* Products */;
			projectDirPath = "";
			projectRoot = "";
			targets = (
				91DE6B7322ACD10D00784FE0 /* BallsEye */,
			);
		};
/* End PBXProject section */

/* Begin PBXResourcesBuildPhase section */
		91DE6B7222ACD10D00784FE0 /* Resources */ = {
			isa = PBXResourcesBuildPhase;
			buildActionMask = 2147483647;
			files = (
				91DE6B8222ACD10F00784FE0 /* LaunchScreen.storyboard in Resources */,
				91DE6B7F22ACD10F00784FE0 /* Assets.xcassets in Resources */,
				91DE6B7D22ACD10D00784FE0 /* Main.storyboard in Resources */,
			);
			runOnlyForDeploymentPostprocessing = 0;
		};
/* End PBXResourcesBuildPhase section */

/* Begin PBXSourcesBuildPhase section */
		91DE6B7022ACD10D00784FE0 /* Sources */ = {
			isa = PBXSourcesBuildPhase;
			buildActionMask = 2147483647;
			files = (
				9192CF8B22AE321100144CE2 /* AboutViewController.swift in Sources */,
				91DE6B7A22ACD10D00784FE0 /* ViewController.swift in Sources */,
				91DE6B7822ACD10D00784FE0 /* AppDelegate.swift in Sources */,
				9192CF8D22AE348F00144CE2 /* AboutAuthorViewController.swift in Sources */,
			);
			runOnlyForDeploymentPostprocessing = 0;
		};
/* End PBXSourcesBuildPhase section */

/* Begin PBXVariantGroup section */
		91DE6B7B22ACD10D00784FE0 /* Main.storyboard */ = {
			isa = PBXVariantGroup;
			children = (
				91DE6B7C22ACD10D00784FE0 /* Base */,
			);
			name = Main.storyboard;
			sourceTree = "<group>";
		};
		91DE6B8022ACD10F00784FE0 /* LaunchScreen.storyboard */ = {
			isa = PBXVariantGroup;
			children = (
				91DE6B8122ACD10F00784FE0 /* Base */,
			);
			name = LaunchScreen.storyboard;
			sourceTree = "<group>";
		};
/* End PBXVariantGroup section */

/* Begin XCBuildConfiguration section */
		91DE6B8422ACD10F00784FE0 /* Debug */ = {
			isa = XCBuildConfiguration;
			buildSettings = {
				ALWAYS_SEARCH_USER_PATHS = NO;
				CLANG_ANALYZER_NONNULL = YES;
				CLANG_ANALYZER_NUMBER_OBJECT_CONVERSION = YES_AGGRESSIVE;
				CLANG_CXX_LANGUAGE_STANDARD = "gnu++14";
				CLANG_CXX_LIBRARY = "libc++";
				CLANG_ENABLE_MODULES = YES;
				CLANG_ENABLE_OBJC_ARC = YES;
				CLANG_ENABLE_OBJC_WEAK = YES;
				CLANG_WARN_BLOCK_CAPTURE_AUTORELEASING = YES;
				CLANG_WARN_BOOL_CONVERSION = YES;
				CLANG_WARN_COMMA = YES;
				CLANG_WARN_CONSTANT_CONVERSION = YES;
				CLANG_WARN_DEPRECATED_OBJC_IMPLEMENTATIONS = YES;
				CLANG_WARN_DIRECT_OBJC_ISA_USAGE = YES_ERROR;
				CLANG_WARN_DOCUMENTATION_COMMENTS = YES;
				CLANG_WARN_EMPTY_BODY = YES;
				CLANG_WARN_ENUM_CONVERSION = YES;
				CLANG_WARN_INFINITE_RECURSION = YES;
				CLANG_WARN_INT_CONVERSION = YES;
				CLANG_WARN_NON_LITERAL_NULL_CONVERSION = YES;
				CLANG_WARN_OBJC_IMPLICIT_RETAIN_SELF = YES;
				CLANG_WARN_OBJC_LITERAL_CONVERSION = YES;
				CLANG_WARN_OBJC_ROOT_CLASS = YES_ERROR;
				CLANG_WARN_RANGE_LOOP_ANALYSIS = YES;
				CLANG_WARN_STRICT_PROTOTYPES = YES;
				CLANG_WARN_SUSPICIOUS_MOVE = YES;
				CLANG_WARN_UNGUARDED_AVAILABILITY = YES_AGGRESSIVE;
				CLANG_WARN_UNREACHABLE_CODE = YES;
				CLANG_WARN__DUPLICATE_METHOD_MATCH = YES;
				CODE_SIGN_IDENTITY = "iPhone Developer";
				COPY_PHASE_STRIP = NO;
				DEBUG_INFORMATION_FORMAT = dwarf;
				ENABLE_STRICT_OBJC_MSGSEND = YES;
				ENABLE_TESTABILITY = YES;
				GCC_C_LANGUAGE_STANDARD = gnu11;
				GCC_DYNAMIC_NO_PIC = NO;
				GCC_NO_COMMON_BLOCKS = YES;
				GCC_OPTIMIZATION_LEVEL = 0;
				GCC_PREPROCESSOR_DEFINITIONS = (
					"DEBUG=1",
					"$(inherited)",
				);
				GCC_WARN_64_TO_32_BIT_CONVERSION = YES;
				GCC_WARN_ABOUT_RETURN_TYPE = YES_ERROR;
				GCC_WARN_UNDECLARED_SELECTOR = YES;
				GCC_WARN_UNINITIALIZED_AUTOS = YES_AGGRESSIVE;
				GCC_WARN_UNUSED_FUNCTION = YES;
				GCC_WARN_UNUSED_VARIABLE = YES;
				IPHONEOS_DEPLOYMENT_TARGET = 12.2;
				MTL_ENABLE_DEBUG_INFO = INCLUDE_SOURCE;
				MTL_FAST_MATH = YES;
				ONLY_ACTIVE_ARCH = YES;
				SDKROOT = iphoneos;
				SWIFT_ACTIVE_COMPILATION_CONDITIONS = DEBUG;
				SWIFT_OPTIMIZATION_LEVEL = "-Onone";
			};
			name = Debug;
		};
		91DE6B8522ACD10F00784FE0 /* Release */ = {
			isa = XCBuildConfiguration;
			buildSettings = {
				ALWAYS_SEARCH_USER_PATHS = NO;
				CLANG_ANALYZER_NONNULL = YES;
				CLANG_ANALYZER_NUMBER_OBJECT_CONVERSION = YES_AGGRESSIVE;
				CLANG_CXX_LANGUAGE_STANDARD = "gnu++14";
				CLANG_CXX_LIBRARY = "libc++";
				CLANG_ENABLE_MODULES = YES;
				CLANG_ENABLE_OBJC_ARC = YES;
				CLANG_ENABLE_OBJC_WEAK = YES;
				CLANG_WARN_BLOCK_CAPTURE_AUTORELEASING = YES;
				CLANG_WARN_BOOL_CONVERSION = YES;
				CLANG_WARN_COMMA = YES;
				CLANG_WARN_CONSTANT_CONVERSION = YES;
				CLANG_WARN_DEPRECATED_OBJC_IMPLEMENTATIONS = YES;
				CLANG_WARN_DIRECT_OBJC_ISA_USAGE = YES_ERROR;
				CLANG_WARN_DOCUMENTATION_COMMENTS = YES;
				CLANG_WARN_EMPTY_BODY = YES;
				CLANG_WARN_ENUM_CONVERSION = YES;
				CLANG_WARN_INFINITE_RECURSION = YES;
				CLANG_WARN_INT_CONVERSION = YES;
				CLANG_WARN_NON_LITERAL_NULL_CONVERSION = YES;
				CLANG_WARN_OBJC_IMPLICIT_RETAIN_SELF = YES;
				CLANG_WARN_OBJC_LITERAL_CONVERSION = YES;
				CLANG_WARN_OBJC_ROOT_CLASS = YES_ERROR;
				CLANG_WARN_RANGE_LOOP_ANALYSIS = YES;
				CLANG_WARN_STRICT_PROTOTYPES = YES;
				CLANG_WARN_SUSPICIOUS_MOVE = YES;
				CLANG_WARN_UNGUARDED_AVAILABILITY = YES_AGGRESSIVE;
				CLANG_WARN_UNREACHABLE_CODE = YES;
				CLANG_WARN__DUPLICATE_METHOD_MATCH = YES;
				CODE_SIGN_IDENTITY = "iPhone Developer";
				COPY_PHASE_STRIP = NO;
				DEBUG_INFORMATION_FORMAT = "dwarf-with-dsym";
				ENABLE_NS_ASSERTIONS = NO;
				ENABLE_STRICT_OBJC_MSGSEND = YES;
				GCC_C_LANGUAGE_STANDARD = gnu11;
				GCC_NO_COMMON_BLOCKS = YES;
				GCC_WARN_64_TO_32_BIT_CONVERSION = YES;
				GCC_WARN_ABOUT_RETURN_TYPE = YES_ERROR;
				GCC_WARN_UNDECLARED_SELECTOR = YES;
				GCC_WARN_UNINITIALIZED_AUTOS = YES_AGGRESSIVE;
				GCC_WARN_UNUSED_FUNCTION = YES;
				GCC_WARN_UNUSED_VARIABLE = YES;
				IPHONEOS_DEPLOYMENT_TARGET = 12.2;
				MTL_ENABLE_DEBUG_INFO = NO;
				MTL_FAST_MATH = YES;
				SDKROOT = iphoneos;
				SWIFT_COMPILATION_MODE = wholemodule;
				SWIFT_OPTIMIZATION_LEVEL = "-O";
				VALIDATE_PRODUCT = YES;
			};
			name = Release;
		};
		91DE6B8722ACD10F00784FE0 /* Debug */ = {
			isa = XCBuildConfiguration;
			buildSettings = {
				ASSETCATALOG_COMPILER_APPICON_NAME = AppIcon;
				CODE_SIGN_STYLE = Automatic;
				DEVELOPMENT_TEAM = "";
				INFOPLIST_FILE = BallsEye/Info.plist;
				LD_RUNPATH_SEARCH_PATHS = (
					"$(inherited)",
					"@executable_path/Frameworks",
				);
				PRODUCT_BUNDLE_IDENTIFIER = com.awon.BallsEye;
				PRODUCT_NAME = "$(TARGET_NAME)";
				SWIFT_VERSION = 5.0;
				TARGETED_DEVICE_FAMILY = "1,2";
			};
			name = Debug;
		};
		91DE6B8822ACD10F00784FE0 /* Release */ = {
			isa = XCBuildConfiguration;
			buildSettings = {
				ASSETCATALOG_COMPILER_APPICON_NAME = AppIcon;
				CODE_SIGN_STYLE = Automatic;
				DEVELOPMENT_TEAM = "";
				INFOPLIST_FILE = BallsEye/Info.plist;
				LD_RUNPATH_SEARCH_PATHS = (
					"$(inherited)",
					"@executable_path/Frameworks",
				);
				PRODUCT_BUNDLE_IDENTIFIER = com.awon.BallsEye;
				PRODUCT_NAME = "$(TARGET_NAME)";
				SWIFT_VERSION = 5.0;
				TARGETED_DEVICE_FAMILY = "1,2";
			};
			name = Release;
		};
/* End XCBuildConfiguration section */

/* Begin XCConfigurationList section */
		91DE6B6F22ACD10D00784FE0 /* Build configuration list for PBXProject "BallsEye" */ = {
			isa = XCConfigurationList;
			buildConfigurations = (
				91DE6B8422ACD10F00784FE0 /* Debug */,
				91DE6B8522ACD10F00784FE0 /* Release */,
			);
			defaultConfigurationIsVisible = 0;
			defaultConfigurationName = Release;
		};
		91DE6B8622ACD10F00784FE0 /* Build configuration list for PBXNativeTarget "BallsEye" */ = {
			isa = XCConfigurationList;
			buildConfigurations = (
				91DE6B8722ACD10F00784FE0 /* Debug */,
				91DE6B8822ACD10F00784FE0 /* Release */,
			);
			defaultConfigurationIsVisible = 0;
			defaultConfigurationName = Release;
		};
/* End XCConfigurationList section */
	};
	rootObject = 91DE6B6C22ACD10D00784FE0 /* Project object */;
}
